
Microsoft Visual Studio Solution File, Format Version 12.00
# Visual Studio 2012
Project("{FAE04EC0-301F-11D3-BF4B-00C04F79EFBC}") = "IITS_CloudAccounting", "IITS_CloudAccounting\IITS_CloudAccounting.csproj", "{BB85661F-1E6D-43DC-B982-E26F23DC4319}"
EndProject
Project("{FAE04EC0-301F-11D3-BF4B-00C04F79EFBC}") = "DABL", "DABL\DABL.csproj", "{7AAD0C10-0766-405F-A310-619508BB15D6}"
EndProject
Global
	GlobalSection(SolutionConfigurationPlatforms) = preSolution
		Debug|Any CPU = Debug|Any CPU
		Release|Any CPU = Release|Any CPU
	EndGlobalSection
	GlobalSection(ProjectConfigurationPlatforms) = postSolution
		{BB85661F-1E6D-43DC-B982-E26F23DC4319}.Debug|Any CPU.ActiveCfg = Release|Any CPU
		{BB85661F-1E6D-43DC-B982-E26F23DC4319}.Debug|Any CPU.Build.0 = Release|Any CPU
		{BB85661F-1E6D-43DC-B982-E26F23DC4319}.Release|Any CPU.ActiveCfg = Release|Any CPU
		{BB85661F-1E6D-43DC-B982-E26F23DC4319}.Release|Any CPU.Build.0 = Release|Any CPU
		{7AAD0C10-0766-405F-A310-619508BB15D6}.Debug|Any CPU.ActiveCfg = Debug|Any CPU
		{7AAD0C10-0766-405F-A310-619508BB15D6}.Debug|Any CPU.Build.0 = Debug|Any CPU
		{7AAD0C10-0766-405F-A310-619508BB15D6}.Release|Any CPU.ActiveCfg = Release|Any CPU
		{7AAD0C10-0766-405F-A310-619508BB15D6}.Release|Any CPU.Build.0 = Release|Any CPU
	EndGlobalSection
	GlobalSection(SolutionProperties) = preSolution
		HideSolutionNode = FALSE
	EndGlobalSection
EndGlobal
